// !$*UTF8*$!
{
	archiveVersion = 1;
	classes = {
	};
	objectVersion = 46;
	objects = {

/* Begin PBXBuildFile section */
		DD96FF3A1E03597800412AC9 /* JobClassifier.m in Sources */ = {isa = PBXBuildFile; fileRef = DD96FF391E03597800412AC9 /* JobClassifier.m */; };
		DDBB2AD91E02455A0074F0DD /* AppDelegate.swift in Sources */ = {isa = PBXBuildFile; fileRef = DDBB2AD81E02455A0074F0DD /* AppDelegate.swift */; };
		DDBB2ADB1E02455A0074F0DD /* SearchViewController.swift in Sources */ = {isa = PBXBuildFile; fileRef = DDBB2ADA1E02455A0074F0DD /* SearchViewController.swift */; };
		DDBB2ADE1E02455A0074F0DD /* Main.storyboard in Resources */ = {isa = PBXBuildFile; fileRef = DDBB2ADC1E02455A0074F0DD /* Main.storyboard */; };
		DDBB2AE01E02455A0074F0DD /* Assets.xcassets in Resources */ = {isa = PBXBuildFile; fileRef = DDBB2ADF1E02455A0074F0DD /* Assets.xcassets */; };
		DDBB2AE31E02455A0074F0DD /* LaunchScreen.storyboard in Resources */ = {isa = PBXBuildFile; fileRef = DDBB2AE11E02455A0074F0DD /* LaunchScreen.storyboard */; };
		DDBB2AEE1E02455B0074F0DD /* NarroJobTests.swift in Sources */ = {isa = PBXBuildFile; fileRef = DDBB2AED1E02455B0074F0DD /* NarroJobTests.swift */; };
/* End PBXBuildFile section */

/* Begin PBXContainerItemProxy section */
		DDBB2AEA1E02455B0074F0DD /* PBXContainerItemProxy */ = {
			isa = PBXContainerItemProxy;
			containerPortal = DDBB2ACD1E02455A0074F0DD /* Project object */;
			proxyType = 1;
			remoteGlobalIDString = DDBB2AD41E02455A0074F0DD;
			remoteInfo = NarroJob;
		};
/* End PBXContainerItemProxy section */

/* Begin PBXFileReference section */
		DD96FF381E03597700412AC9 /* NarroJob-Bridging-Header.h */ = {isa = PBXFileReference; lastKnownFileType = sourcecode.c.h; path = "NarroJob-Bridging-Header.h"; sourceTree = "<group>"; };
		DD96FF391E03597800412AC9 /* JobClassifier.m */ = {isa = PBXFileReference; fileEncoding = 4; lastKnownFileType = sourcecode.c.objc; name = JobClassifier.m; path = ../JobClassifier.m; sourceTree = "<group>"; };
		DDBB2AD51E02455A0074F0DD /* NarroJob.app */ = {isa = PBXFileReference; explicitFileType = wrapper.application; includeInIndex = 0; path = NarroJob.app; sourceTree = BUILT_PRODUCTS_DIR; };
		DDBB2AD81E02455A0074F0DD /* AppDelegate.swift */ = {isa = PBXFileReference; lastKnownFileType = sourcecode.swift; path = AppDelegate.swift; sourceTree = "<group>"; };
		DDBB2ADA1E02455A0074F0DD /* SearchViewController.swift */ = {isa = PBXFileReference; lastKnownFileType = sourcecode.swift; path = SearchViewController.swift; sourceTree = "<group>"; };
		DDBB2ADD1E02455A0074F0DD /* Base */ = {isa = PBXFileReference; lastKnownFileType = file.storyboard; name = Base; path = Base.lproj/Main.storyboard; sourceTree = "<group>"; };
		DDBB2ADF1E02455A0074F0DD /* Assets.xcassets */ = {isa = PBXFileReference; lastKnownFileType = folder.assetcatalog; path = Assets.xcassets; sourceTree = "<group>"; };
		DDBB2AE21E02455A0074F0DD /* Base */ = {isa = PBXFileReference; lastKnownFileType = file.storyboard; name = Base; path = Base.lproj/LaunchScreen.storyboard; sourceTree = "<group>"; };
		DDBB2AE41E02455A0074F0DD /* Info.plist */ = {isa = PBXFileReference; lastKnownFileType = text.plist.xml; path = Info.plist; sourceTree = "<group>"; };
		DDBB2AE91E02455B0074F0DD /* NarroJobTests.xctest */ = {isa = PBXFileReference; explicitFileType = wrapper.cfbundle; includeInIndex = 0; path = NarroJobTests.xctest; sourceTree = BUILT_PRODUCTS_DIR; };
		DDBB2AED1E02455B0074F0DD /* NarroJobTests.swift */ = {isa = PBXFileReference; lastKnownFileType = sourcecode.swift; path = NarroJobTests.swift; sourceTree = "<group>"; };
		DDBB2AEF1E02455B0074F0DD /* Info.plist */ = {isa = PBXFileReference; lastKnownFileType = text.plist.xml; path = Info.plist; sourceTree = "<group>"; };
/* End PBXFileReference section */

/* Begin PBXFrameworksBuildPhase section */
		DDBB2AD21E02455A0074F0DD /* Frameworks */ = {
			isa = PBXFrameworksBuildPhase;
			buildActionMask = 2147483647;
			files = (
			);
			runOnlyForDeploymentPostprocessing = 0;
		};
		DDBB2AE61E02455B0074F0DD /* Frameworks */ = {
			isa = PBXFrameworksBuildPhase;
			buildActionMask = 2147483647;
			files = (
			);
			runOnlyForDeploymentPostprocessing = 0;
		};
/* End PBXFrameworksBuildPhase section */

/* Begin PBXGroup section */
		DDBB2ACC1E02455A0074F0DD = {
			isa = PBXGroup;
			children = (
				DDBB2AD71E02455A0074F0DD /* NarroJob */,
				DDBB2AEC1E02455B0074F0DD /* NarroJobTests */,
				DDBB2AD61E02455A0074F0DD /* Products */,
				DD96FF381E03597700412AC9 /* NarroJob-Bridging-Header.h */,
			);
			sourceTree = "<group>";
		};
		DDBB2AD61E02455A0074F0DD /* Products */ = {
			isa = PBXGroup;
			children = (
				DDBB2AD51E02455A0074F0DD /* NarroJob.app */,
				DDBB2AE91E02455B0074F0DD /* NarroJobTests.xctest */,
			);
			name = Products;
			sourceTree = "<group>";
		};
		DDBB2AD71E02455A0074F0DD /* NarroJob */ = {
			isa = PBXGroup;
			children = (
				DD96FF391E03597800412AC9 /* JobClassifier.m */,
				DDBB2AD81E02455A0074F0DD /* AppDelegate.swift */,
				DDBB2ADA1E02455A0074F0DD /* SearchViewController.swift */,
				DDBB2ADC1E02455A0074F0DD /* Main.storyboard */,
				DDBB2ADF1E02455A0074F0DD /* Assets.xcassets */,
				DDBB2AE11E02455A0074F0DD /* LaunchScreen.storyboard */,
				DDBB2AE41E02455A0074F0DD /* Info.plist */,
			);
			path = NarroJob;
			sourceTree = "<group>";
		};
		DDBB2AEC1E02455B0074F0DD /* NarroJobTests */ = {
			isa = PBXGroup;
			children = (
				DDBB2AED1E02455B0074F0DD /* NarroJobTests.swift */,
				DDBB2AEF1E02455B0074F0DD /* Info.plist */,
			);
			path = NarroJobTests;
			sourceTree = "<group>";
		};
/* End PBXGroup section */

/* Begin PBXNativeTarget section */
		DDBB2AD41E02455A0074F0DD /* NarroJob */ = {
			isa = PBXNativeTarget;
			buildConfigurationList = DDBB2AF21E02455B0074F0DD /* Build configuration list for PBXNativeTarget "NarroJob" */;
			buildPhases = (
				DDBB2AD11E02455A0074F0DD /* Sources */,
				DDBB2AD21E02455A0074F0DD /* Frameworks */,
				DDBB2AD31E02455A0074F0DD /* Resources */,
			);
			buildRules = (
			);
			dependencies = (
			);
			name = NarroJob;
			productName = NarroJob;
			productReference = DDBB2AD51E02455A0074F0DD /* NarroJob.app */;
			productType = "com.apple.product-type.application";
		};
		DDBB2AE81E02455B0074F0DD /* NarroJobTests */ = {
			isa = PBXNativeTarget;
			buildConfigurationList = DDBB2AF51E02455B0074F0DD /* Build configuration list for PBXNativeTarget "NarroJobTests" */;
			buildPhases = (
				DDBB2AE51E02455B0074F0DD /* Sources */,
				DDBB2AE61E02455B0074F0DD /* Frameworks */,
				DDBB2AE71E02455B0074F0DD /* Resources */,
			);
			buildRules = (
			);
			dependencies = (
				DDBB2AEB1E02455B0074F0DD /* PBXTargetDependency */,
			);
			name = NarroJobTests;
			productName = NarroJobTests;
			productReference = DDBB2AE91E02455B0074F0DD /* NarroJobTests.xctest */;
			productType = "com.apple.product-type.bundle.unit-test";
		};
/* End PBXNativeTarget section */

/* Begin PBXProject section */
		DDBB2ACD1E02455A0074F0DD /* Project object */ = {
			isa = PBXProject;
			attributes = {
				LastSwiftUpdateCheck = 0800;
				LastUpgradeCheck = 0800;
				ORGANIZATIONNAME = "Michael Umenta";
				TargetAttributes = {
					DDBB2AD41E02455A0074F0DD = {
						CreatedOnToolsVersion = 8.0;
						LastSwiftMigration = 0800;
						ProvisioningStyle = Automatic;
					};
					DDBB2AE81E02455B0074F0DD = {
						CreatedOnToolsVersion = 8.0;
						ProvisioningStyle = Automatic;
						TestTargetID = DDBB2AD41E02455A0074F0DD;
					};
				};
			};
			buildConfigurationList = DDBB2AD01E02455A0074F0DD /* Build configuration list for PBXProject "NarroJob" */;
			compatibilityVersion = "Xcode 3.2";
			developmentRegion = English;
			hasScannedForEncodings = 0;
			knownRegions = (
				en,
				Base,
			);
			mainGroup = DDBB2ACC1E02455A0074F0DD;
			productRefGroup = DDBB2AD61E02455A0074F0DD /* Products */;
			projectDirPath = "";
			projectRoot = "";
			targets = (
				DDBB2AD41E02455A0074F0DD /* NarroJob */,
				DDBB2AE81E02455B0074F0DD /* NarroJobTests */,
			);
		};
/* End PBXProject section */

/* Begin PBXResourcesBuildPhase section */
		DDBB2AD31E02455A0074F0DD /* Resources */ = {
			isa = PBXResourcesBuildPhase;
			buildActionMask = 2147483647;
			files = (
				DDBB2AE31E02455A0074F0DD /* LaunchScreen.storyboard in Resources */,
				DDBB2AE01E02455A0074F0DD /* Assets.xcassets in Resources */,
				DDBB2ADE1E02455A0074F0DD /* Main.storyboard in Resources */,
			);
			runOnlyForDeploymentPostprocessing = 0;
		};
		DDBB2AE71E02455B0074F0DD /* Resources */ = {
			isa = PBXResourcesBuildPhase;
			buildActionMask = 2147483647;
			files = (
			);
			runOnlyForDeploymentPostprocessing = 0;
		};
/* End PBXResourcesBuildPhase section */

/* Begin PBXSourcesBuildPhase section */
		DDBB2AD11E02455A0074F0DD /* Sources */ = {
			isa = PBXSourcesBuildPhase;
			buildActionMask = 2147483647;
			files = (
				DDBB2ADB1E02455A0074F0DD /* SearchViewController.swift in Sources */,
				DD96FF3A1E03597800412AC9 /* JobClassifier.m in Sources */,
				DDBB2AD91E02455A0074F0DD /* AppDelegate.swift in Sources */,
			);
			runOnlyForDeploymentPostprocessing = 0;
		};
		DDBB2AE51E02455B0074F0DD /* Sources */ = {
			isa = PBXSourcesBuildPhase;
			buildActionMask = 2147483647;
			files = (
				DDBB2AEE1E02455B0074F0DD /* NarroJobTests.swift in Sources */,
			);
			runOnlyForDeploymentPostprocessing = 0;
		};
/* End PBXSourcesBuildPhase section */

/* Begin PBXTargetDependency section */
		DDBB2AEB1E02455B0074F0DD /* PBXTargetDependency */ = {
			isa = PBXTargetDependency;
			target = DDBB2AD41E02455A0074F0DD /* NarroJob */;
			targetProxy = DDBB2AEA1E02455B0074F0DD /* PBXContainerItemProxy */;
		};
/* End PBXTargetDependency section */

/* Begin PBXVariantGroup section */
		DDBB2ADC1E02455A0074F0DD /* Main.storyboard */ = {
			isa = PBXVariantGroup;
			children = (
				DDBB2ADD1E02455A0074F0DD /* Base */,
			);
			name = Main.storyboard;
			sourceTree = "<group>";
		};
		DDBB2AE11E02455A0074F0DD /* LaunchScreen.storyboard */ = {
			isa = PBXVariantGroup;
			children = (
				DDBB2AE21E02455A0074F0DD /* Base */,
			);
			name = LaunchScreen.storyboard;
			sourceTree = "<group>";
		};
/* End PBXVariantGroup section */

/* Begin XCBuildConfiguration section */
		DDBB2AF01E02455B0074F0DD /* Debug */ = {
			isa = XCBuildConfiguration;
			buildSettings = {
				ALWAYS_SEARCH_USER_PATHS = NO;
				CLANG_ANALYZER_NONNULL = YES;
				CLANG_CXX_LANGUAGE_STANDARD = "gnu++0x";
				CLANG_CXX_LIBRARY = "libc++";
				CLANG_ENABLE_MODULES = YES;
				CLANG_ENABLE_OBJC_ARC = YES;
				CLANG_WARN_BOOL_CONVERSION = YES;
				CLANG_WARN_CONSTANT_CONVERSION = YES;
				CLANG_WARN_DIRECT_OBJC_ISA_USAGE = YES_ERROR;
				CLANG_WARN_DOCUMENTATION_COMMENTS = YES;
				CLANG_WARN_EMPTY_BODY = YES;
				CLANG_WARN_ENUM_CONVERSION = YES;
				CLANG_WARN_INFINITE_RECURSION = YES;
				CLANG_WARN_INT_CONVERSION = YES;
				CLANG_WARN_OBJC_ROOT_CLASS = YES_ERROR;
				CLANG_WARN_SUSPICIOUS_MOVES = YES;
				CLANG_WARN_UNREACHABLE_CODE = YES;
				CLANG_WARN__DUPLICATE_METHOD_MATCH = YES;
				"CODE_SIGN_IDENTITY[sdk=iphoneos*]" = "iPhone Developer";
				COPY_PHASE_STRIP = NO;
				DEBUG_INFORMATION_FORMAT = dwarf;
				ENABLE_STRICT_OBJC_MSGSEND = YES;
				ENABLE_TESTABILITY = YES;
				GCC_C_LANGUAGE_STANDARD = gnu99;
				GCC_DYNAMIC_NO_PIC = NO;
				GCC_NO_COMMON_BLOCKS = YES;
				GCC_OPTIMIZATION_LEVEL = 0;
				GCC_PREPROCESSOR_DEFINITIONS = (
					"DEBUG=1",
					"$(inherited)",
				);
				GCC_WARN_64_TO_32_BIT_CONVERSION = YES;
				GCC_WARN_ABOUT_RETURN_TYPE = YES_ERROR;
				GCC_WARN_UNDECLARED_SELECTOR = YES;
				GCC_WARN_UNINITIALIZED_AUTOS = YES_AGGRESSIVE;
				GCC_WARN_UNUSED_FUNCTION = YES;
				GCC_WARN_UNUSED_VARIABLE = YES;
				IPHONEOS_DEPLOYMENT_TARGET = 10.0;
				MTL_ENABLE_DEBUG_INFO = YES;
				ONLY_ACTIVE_ARCH = YES;
				SDKROOT = iphoneos;
				SWIFT_ACTIVE_COMPILATION_CONDITIONS = DEBUG;
				SWIFT_OPTIMIZATION_LEVEL = "-Onone";
			};
			name = Debug;
		};
		DDBB2AF11E02455B0074F0DD /* Release */ = {
			isa = XCBuildConfiguration;
			buildSettings = {
				ALWAYS_SEARCH_USER_PATHS = NO;
				CLANG_ANALYZER_NONNULL = YES;
				CLANG_CXX_LANGUAGE_STANDARD = "gnu++0x";
				CLANG_CXX_LIBRARY = "libc++";
				CLANG_ENABLE_MODULES = YES;
				CLANG_ENABLE_OBJC_ARC = YES;
				CLANG_WARN_BOOL_CONVERSION = YES;
				CLANG_WARN_CONSTANT_CONVERSION = YES;
				CLANG_WARN_DIRECT_OBJC_ISA_USAGE = YES_ERROR;
				CLANG_WARN_DOCUMENTATION_COMMENTS = YES;
				CLANG_WARN_EMPTY_BODY = YES;
				CLANG_WARN_ENUM_CONVERSION = YES;
				CLANG_WARN_INFINITE_RECURSION = YES;
				CLANG_WARN_INT_CONVERSION = YES;
				CLANG_WARN_OBJC_ROOT_CLASS = YES_ERROR;
				CLANG_WARN_SUSPICIOUS_MOVES = YES;
				CLANG_WARN_UNREACHABLE_CODE = YES;
				CLANG_WARN__DUPLICATE_METHOD_MATCH = YES;
				"CODE_SIGN_IDENTITY[sdk=iphoneos*]" = "iPhone Developer";
				COPY_PHASE_STRIP = NO;
				DEBUG_INFORMATION_FORMAT = "dwarf-with-dsym";
				ENABLE_NS_ASSERTIONS = NO;
				ENABLE_STRICT_OBJC_MSGSEND = YES;
				GCC_C_LANGUAGE_STANDARD = gnu99;
				GCC_NO_COMMON_BLOCKS = YES;
				GCC_WARN_64_TO_32_BIT_CONVERSION = YES;
				GCC_WARN_ABOUT_RETURN_TYPE = YES_ERROR;
				GCC_WARN_UNDECLARED_SELECTOR = YES;
				GCC_WARN_UNINITIALIZED_AUTOS = YES_AGGRESSIVE;
				GCC_WARN_UNUSED_FUNCTION = YES;
				GCC_WARN_UNUSED_VARIABLE = YES;
				IPHONEOS_DEPLOYMENT_TARGET = 10.0;
				MTL_ENABLE_DEBUG_INFO = NO;
				SDKROOT = iphoneos;
				SWIFT_OPTIMIZATION_LEVEL = "-Owholemodule";
				VALIDATE_PRODUCT = YES;
			};
			name = Release;
		};
		DDBB2AF31E02455B0074F0DD /* Debug */ = {
			isa = XCBuildConfiguration;
			buildSettings = {
				ASSETCATALOG_COMPILER_APPICON_NAME = AppIcon;
				CLANG_ENABLE_MODULES = YES;
				INFOPLIST_FILE = NarroJob/Info.plist;
				LD_RUNPATH_SEARCH_PATHS = "$(inherited) @executable_path/Frameworks";
				PRODUCT_BUNDLE_IDENTIFIER = languages.NarroJob;
				PRODUCT_NAME = "$(TARGET_NAME)";
				SWIFT_OBJC_BRIDGING_HEADER = "NarroJob-Bridging-Header.h";
				SWIFT_OPTIMIZATION_LEVEL = "-Onone";
				SWIFT_VERSION = 3.0;
			};
			name = Debug;
		};
		DDBB2AF41E02455B0074F0DD /* Release */ = {
			isa = XCBuildConfiguration;
			buildSettings = {
				ASSETCATALOG_COMPILER_APPICON_NAME = AppIcon;
				CLANG_ENABLE_MODULES = YES;
				INFOPLIST_FILE = NarroJob/Info.plist;
				LD_RUNPATH_SEARCH_PATHS = "$(inherited) @executable_path/Frameworks";
				PRODUCT_BUNDLE_IDENTIFIER = languages.NarroJob;
				PRODUCT_NAME = "$(TARGET_NAME)";
				SWIFT_OBJC_BRIDGING_HEADER = "NarroJob-Bridging-Header.h";
				SWIFT_VERSION = 3.0;
			};
			name = Release;
		};
		DDBB2AF61E02455B0074F0DD /* Debug */ = {
			isa = XCBuildConfiguration;
			buildSettings = {
				ALWAYS_EMBED_SWIFT_STANDARD_LIBRARIES = YES;
				BUNDLE_LOADER = "$(TEST_HOST)";
				INFOPLIST_FILE = NarroJobTests/Info.plist;
				LD_RUNPATH_SEARCH_PATHS = "$(inherited) @executable_path/Frameworks @loader_path/Frameworks";
				PRODUCT_BUNDLE_IDENTIFIER = languages.NarroJobTests;
				PRODUCT_NAME = "$(TARGET_NAME)";
				SWIFT_VERSION = 3.0;
				TEST_HOST = "$(BUILT_PRODUCTS_DIR)/NarroJob.app/NarroJob";
			};
			name = Debug;
		};
		DDBB2AF71E02455B0074F0DD /* Release */ = {
			isa = XCBuildConfiguration;
			buildSettings = {
				ALWAYS_EMBED_SWIFT_STANDARD_LIBRARIES = YES;
				BUNDLE_LOADER = "$(TEST_HOST)";
				INFOPLIST_FILE = NarroJobTests/Info.plist;
				LD_RUNPATH_SEARCH_PATHS = "$(inherited) @executable_path/Frameworks @loader_path/Frameworks";
				PRODUCT_BUNDLE_IDENTIFIER = languages.NarroJobTests;
				PRODUCT_NAME = "$(TARGET_NAME)";
				SWIFT_VERSION = 3.0;
				TEST_HOST = "$(BUILT_PRODUCTS_DIR)/NarroJob.app/NarroJob";
			};
			name = Release;
		};
/* End XCBuildConfiguration section */

/* Begin XCConfigurationList section */
		DDBB2AD01E02455A0074F0DD /* Build configuration list for PBXProject "NarroJob" */ = {
			isa = XCConfigurationList;
			buildConfigurations = (
				DDBB2AF01E02455B0074F0DD /* Debug */,
				DDBB2AF11E02455B0074F0DD /* Release */,
			);
			defaultConfigurationIsVisible = 0;
			defaultConfigurationName = Release;
		};
		DDBB2AF21E02455B0074F0DD /* Build configuration list for PBXNativeTarget "NarroJob" */ = {
			isa = XCConfigurationList;
			buildConfigurations = (
				DDBB2AF31E02455B0074F0DD /* Debug */,
				DDBB2AF41E02455B0074F0DD /* Release */,
			);
			defaultConfigurationIsVisible = 0;
			defaultConfigurationName = Release;
		};
		DDBB2AF51E02455B0074F0DD /* Build configuration list for PBXNativeTarget "NarroJobTests" */ = {
			isa = XCConfigurationList;
			buildConfigurations = (
				DDBB2AF61E02455B0074F0DD /* Debug */,
				DDBB2AF71E02455B0074F0DD /* Release */,
			);
			defaultConfigurationIsVisible = 0;
			defaultConfigurationName = Release;
		};
/* End XCConfigurationList section */
	};
	rootObject = DDBB2ACD1E02455A0074F0DD /* Project object */;
}
